
Microsoft Visual Studio Solution File, Format Version 12.00
# Visual Studio 2013
VisualStudioVersion = 12.0.30501.0
MinimumVisualStudioVersion = 10.0.40219.1
Project("{FAE04EC0-301F-11D3-BF4B-00C04F79EFBC}") = "CustomerManager", "CustomerManager\CustomerManager.csproj", "{73F45539-AC84-4460-8EC4-0B260802D620}"
EndProject
Project("{FAE04EC0-301F-11D3-BF4B-00C04F79EFBC}") = "CustomerManager.E2ETests", "CustomerManager.E2ETests\CustomerManager.E2ETests.csproj", "{40B83848-4C82-448B-A444-B3A021E199D1}"
EndProject
Global
	GlobalSection(SolutionConfigurationPlatforms) = preSolution
		Debug|Any CPU = Debug|Any CPU
		Release|Any CPU = Release|Any CPU
	EndGlobalSection
	GlobalSection(ProjectConfigurationPlatforms) = postSolution
		{73F45539-AC84-4460-8EC4-0B260802D620}.Debug|Any CPU.ActiveCfg = Debug|Any CPU
		{73F45539-AC84-4460-8EC4-0B260802D620}.Debug|Any CPU.Build.0 = Debug|Any CPU
		{73F45539-AC84-4460-8EC4-0B260802D620}.Release|Any CPU.ActiveCfg = Release|Any CPU
		{73F45539-AC84-4460-8EC4-0B260802D620}.Release|Any CPU.Build.0 = Release|Any CPU
		{40B83848-4C82-448B-A444-B3A021E199D1}.Debug|Any CPU.ActiveCfg = Debug|Any CPU
		{40B83848-4C82-448B-A444-B3A021E199D1}.Debug|Any CPU.Build.0 = Debug|Any CPU
		{40B83848-4C82-448B-A444-B3A021E199D1}.Release|Any CPU.ActiveCfg = Release|Any CPU
		{40B83848-4C82-448B-A444-B3A021E199D1}.Release|Any CPU.Build.0 = Release|Any CPU
	EndGlobalSection
	GlobalSection(SolutionProperties) = preSolution
		HideSolutionNode = FALSE
	EndGlobalSection
EndGlobal
